{
  "name": "three-3dtitles",
  "version": "1.0.0",
  "lockfileVersion": 3,
  "requires": true,
  "packages": {
    "": {
      "name": "three-3dtitles",
      "version": "1.0.0",
      "license": "ISC",
      "dependencies": {
        "3d-tiles-renderer": "^0.5.0"
      }
    },
    "node_modules/@mapbox/point-geometry": {
      "version": "1.1.0",
      "resolved": "https://registry.npmjs.org/@mapbox/point-geometry/-/point-geometry-1.1.0.tgz",
      "integrity": "sha512-YGcBz1cg4ATXDCM/71L9xveh4dynfGmcLDqufR+nQQy3fKwsAZsWd/x4621/6uJaeB9mwOHE6hPeDgXz9uViUQ==",
      "license": "ISC"
    },
    "node_modules/@mapbox/vector-tile": {
      "version": "2.0.5",
      "resolved": "https://registry.npmjs.org/@mapbox/vector-tile/-/vector-tile-2.0.5.tgz",
      "integrity": "sha512-pXj8m7KTsqZt+1jsE0xIpGvqTSbblfkuEJL/NJmNePMtEwxO8V3XMDo9WMSfDeqHvCtBI9Lmt4mGcGR10zecmw==",
      "license": "BSD-3-Clause",
      "dependencies": {
        "@mapbox/point-geometry": "~1.1.0",
        "@types/geojson": "^7946.0.16",
        "pbf": "^4.0.2"
      }
    },
    "node_modules/@types/geojson": {
      "version": "7946.0.16",
      "resolved": "https://registry.npmjs.org/@types/geojson/-/geojson-7946.0.16.tgz",
      "integrity": "sha512-6C8nqWur3j98U6+lXDfTUWIfgvZU+EumvpHKcYjujKH7woYyLj2sUmff0tRhrqM7BohUw7Pz3ZB1jj2gW9Fvmg==",
      "license": "MIT"
    },
    "node_modules/3d-tiles-renderer": {
      "version": "0.5.0",
      "resolved": "https://registry.npmjs.org/3d-tiles-renderer/-/3d-tiles-renderer-0.5.0.tgz",
      "integrity": "sha512-r+6BdOBC7nwGZDJFo2brOhBiF/M/WbSqEsOAYwOB3jTK4dC50ccDQLu3igFovhRsB4SdMpGhdO7NK5g53BfETA==",
      "license": "Apache-2.0",
      "dependencies": {
        "@mapbox/vector-tile": "^2.0.3",
        "pbf": "^4.0.1",
        "pmtiles": "^4.3.2"
      },
      "peerDependencies": {
        "@babylonjs/core": ">=8.0.0",
        "@babylonjs/loaders": ">=8.0.0",
        "@react-three/fiber": "^8.17.9 || ^9.0.0",
        "react": "^18.3.1 || ^19.0.0",
        "react-dom": "^18.3.1 || ^19.0.0",
        "three": ">=0.167.0"
      },
      "peerDependenciesMeta": {
        "@babylonjs/core": {
          "optional": true
        },
        "@babylonjs/loaders": {
          "optional": true
        },
        "@react-three/fiber": {
          "optional": true
        },
        "react": {
          "optional": true
        },
        "react-dom": {
          "optional": true
        },
        "three": {
          "optional": true
        }
      }
    },
    "node_modules/fflate": {
      "version": "0.8.3",
      "resolved": "https://registry.npmjs.org/fflate/-/fflate-0.8.3.tgz",
      "integrity": "sha512-tbZNuJrLwGUp3zshBtdy4W+ORxZuIh8a5ilyIEQDC5rY1f3U20JMry0Ll3WBzU58EZKsEuJFXhb5gwv8CsPvgA==",
      "license": "MIT"
    },
    "node_modules/pbf": {
      "version": "4.0.2",
      "resolved": "https://registry.npmjs.org/pbf/-/pbf-4.0.2.tgz",
      "integrity": "sha512-J0ajxARhZfpUEebxYs1vhMGMuLSXtBe1e+fFPDrf2uA2hgo+UshKfNUWOz92HJNz6/NFEXseQPddnHkTreWRqg==",
      "license": "BSD-3-Clause",
      "dependencies": {
        "resolve-protobuf-schema": "^2.1.0"
      },
      "bin": {
        "pbf": "bin/pbf"
      }
    },
    "node_modules/pmtiles": {
      "version": "4.4.1",
      "resolved": "https://registry.npmjs.org/pmtiles/-/pmtiles-4.4.1.tgz",
      "integrity": "sha512-5oTeQc/yX/ft1evbpIlnoCZugQuug/iYIAj/ZTqIqzdGek4uZEho99En890EE6NOSI3JTI3IG8R7r8+SltphxA==",
      "license": "BSD-3-Clause",
      "dependencies": {
        "fflate": "^0.8.2"
      }
    },
    "node_modules/protocol-buffers-schema": {
      "version": "3.6.1",
      "resolved": "https://registry.npmjs.org/protocol-buffers-schema/-/protocol-buffers-schema-3.6.1.tgz",
      "integrity": "sha512-VG2K63Igkiv9p76tk1lilczEK1cT+kCjKtkdhw1dQZV3k3IXJbd3o6Ho8b9zJZaHSnT2hKe4I+ObmX9w6m5SmQ==",
      "license": "MIT"
    },
    "node_modules/resolve-protobuf-schema": {
      "version": "2.1.0",
      "resolved": "https://registry.npmjs.org/resolve-protobuf-schema/-/resolve-protobuf-schema-2.1.0.tgz",
      "integrity": "sha512-kI5ffTiZWmJaS/huM8wZfEMer1eRd7oJQhDuxeCLe3t7N7mX3z94CN0xPxBQxFYQTSNz9T0i+v6inKqSdK8xrQ==",
      "license": "MIT",
      "dependencies": {
        "protocol-buffers-schema": "^3.3.1"
      }
    }
  }
}
